<?xml version="1.0" encoding="utf-8"?>
<Project ToolsVersion="4.0" xmlns="http://schemas.microsoft.com/developer/msbuild/2003">
  <ItemGroup>
    <Filter Include="源文件">
      <UniqueIdentifier>{4FC737F1-C7A5-4376-A066-2A32D752A2FF}</UniqueIdentifier>
      <Extensions>cpp;c;cc;cxx;def;odl;idl;hpj;bat;asm;asmx</Extensions>
    </Filter>
    <Filter Include="头文件">
      <UniqueIdentifier>{93995380-89BD-4b04-88EB-625FBE52EBFB}</UniqueIdentifier>
      <Extensions>h;hh;hpp;hxx;hm;inl;inc;xsd</Extensions>
    </Filter>
    <Filter Include="资源文件">
      <UniqueIdentifier>{67DA6AB6-F800-4c08-8B7A-83BB121AAD01}</UniqueIdentifier>
      <Extensions>rc;ico;cur;bmp;dlg;rc2;rct;bin;rgs;gif;jpg;jpeg;jpe;resx;tiff;tif;png;wav;mfcribbon-ms</Extensions>
    </Filter>
    <Filter Include="头文件\lib">
      <UniqueIdentifier>{0cdbf127-fa11-402c-b57e-b7a23ba148f8}</UniqueIdentifier>
    </Filter>
    <Filter Include="源文件\lib">
      <UniqueIdentifier>{4d88f87d-7da7-443e-81c2-407837a47cda}</UniqueIdentifier>
    </Filter>
  </ItemGroup>
  <ItemGroup>
    <ClCompile Include="lib\bplustree.c">
      <Filter>源文件\lib</Filter>
    </ClCompile>
    <ClCompile Include="lib\TSql.cpp">
      <Filter>源文件\lib</Filter>
    </ClCompile>
    <ClCompile Include="lib\HasCode.cpp">
      <Filter>源文件\lib</Filter>
    </ClCompile>
  </ItemGroup>
  <ItemGroup>
    <ClInclude Include="lib\bplustree.h">
      <Filter>头文件\lib</Filter>
    </ClInclude>
    <ClInclude Include="lib\tick.h">
      <Filter>头文件\lib</Filter>
    </ClInclude>
    <ClInclude Include="lib\TSql.h">
      <Filter>头文件\lib</Filter>
    </ClInclude>
    <ClInclude Include="lib\HasCode.h">
      <Filter>头文件\lib</Filter>
    </ClInclude>
  </ItemGroup>
</Project>